
Microsoft Visual Studio Solution File, Format Version 12.00
# Visual Studio Version 17
VisualStudioVersion = 17.11.35312.102
MinimumVisualStudioVersion = 10.0.40219.1
Project("{FAE04EC0-301F-11D3-BF4B-00C04F79EFBC}") = "filelar", "filelar.csproj", "{AA1304CB-9402-4240-853D-41C8A66734B8}"
EndProject
Global
	GlobalSection(SolutionConfigurationPlatforms) = preSolution
		Debug|Any CPU = Debug|Any CPU
		Release|Any CPU = Release|Any CPU
	EndGlobalSection
	GlobalSection(ProjectConfigurationPlatforms) = postSolution
		{AA1304CB-9402-4240-853D-41C8A66734B8}.Debug|Any CPU.ActiveCfg = Debug|Any CPU
		{AA1304CB-9402-4240-853D-41C8A66734B8}.Debug|Any CPU.Build.0 = Debug|Any CPU
		{AA1304CB-9402-4240-853D-41C8A66734B8}.Release|Any CPU.ActiveCfg = Release|Any CPU
		{AA1304CB-9402-4240-853D-41C8A66734B8}.Release|Any CPU.Build.0 = Release|Any CPU
	EndGlobalSection
	GlobalSection(SolutionProperties) = preSolution
		HideSolutionNode = FALSE
	EndGlobalSection
	GlobalSection(ExtensibilityGlobals) = postSolution
		SolutionGuid = {35D681A3-412D-4BC8-9C4D-4AE47D96A859}
	EndGlobalSection
EndGlobal
